
Microsoft Visual Studio Solution File, Format Version 12.00
# Visual Studio Version 16
VisualStudioVersion = 16.0.29609.76
MinimumVisualStudioVersion = 10.0.40219.1
Project("{8BC9CEB8-8B4A-11D0-8D11-00A0C91BC942}") = "game", "game\game.vcxproj", "{2E19552E-AC28-4BA4-B39D-2DE3D4DB4977}"
EndProject
Global
	GlobalSection(SolutionConfigurationPlatforms) = preSolution
		Debug|Win32 = Debug|Win32
		Release|Win32 = Release|Win32
	EndGlobalSection
	GlobalSection(ProjectConfigurationPlatforms) = postSolution
		{2E19552E-AC28-4BA4-B39D-2DE3D4DB4977}.Debug|Win32.ActiveCfg = Debug|Win32
		{2E19552E-AC28-4BA4-B39D-2DE3D4DB4977}.Debug|Win32.Build.0 = Debug|Win32
		{2E19552E-AC28-4BA4-B39D-2DE3D4DB4977}.Release|Win32.ActiveCfg = Release|Win32
		{2E19552E-AC28-4BA4-B39D-2DE3D4DB4977}.Release|Win32.Build.0 = Release|Win32
	EndGlobalSection
	GlobalSection(SolutionProperties) = preSolution
		HideSolutionNode = FALSE
	EndGlobalSection
	GlobalSection(ExtensibilityGlobals) = postSolution
		SolutionGuid = {CF503100-0D5B-4B10-8B52-0A2460C47122}
	EndGlobalSection
	GlobalSection(SubversionScc) = preSolution
		Svn-Managed = True
		Manager = AnkhSVN - Subversion Support for Visual Studio
	EndGlobalSection
EndGlobal
