<?xml version="1.0" encoding="utf-8"?>
<Project ToolsVersion="4.0" xmlns="http://schemas.microsoft.com/developer/msbuild/2003">
  <ItemGroup>
    <Filter Include="Source Files">
      <UniqueIdentifier>{4FC737F1-C7A5-4376-A066-2A32D752A2FF}</UniqueIdentifier>
      <Extensions>cpp;c;cc;cxx;def;odl;idl;hpj;bat;asm;asmx</Extensions>
    </Filter>
    <Filter Include="Header Files">
      <UniqueIdentifier>{93995380-89BD-4b04-88EB-625FBE52EBFB}</UniqueIdentifier>
      <Extensions>h;hh;hpp;hxx;hm;inl;inc;xsd</Extensions>
    </Filter>
    <Filter Include="Resource Files">
      <UniqueIdentifier>{67DA6AB6-F800-4c08-8B7A-83BB121AAD01}</UniqueIdentifier>
      <Extensions>rc;ico;cur;bmp;dlg;rc2;rct;bin;rgs;gif;jpg;jpeg;jpe;resx;tiff;tif;png;wav</Extensions>
    </Filter>
  </ItemGroup>
  <ItemGroup>
    <ClCompile Include="account.cpp">
      <Filter>Source Files</Filter>
    </ClCompile>
    <ClCompile Include="achievement.cpp">
      <Filter>Source Files</Filter>
    </ClCompile>
    <ClCompile Include="actionfield.cpp">
      <Filter>Source Files</Filter>
    </ClCompile>
    <ClCompile Include="battlearena.cpp">
      <Filter>Source Files</Filter>
    </ClCompile>
    <ClCompile Include="CApplication.cpp">
      <Filter>Source Files</Filter>
    </ClCompile>
    <ClCompile Include="caravan.cpp">
      <Filter>Source Files</Filter>
    </ClCompile>
    <ClCompile Include="CConfig.cpp">
      <Filter>Source Files</Filter>
    </ClCompile>
    <ClCompile Include="CConfigFile.cpp">
      <Filter>Source Files</Filter>
    </ClCompile>
    <ClCompile Include="CConfigFileReader.cpp">
      <Filter>Source Files</Filter>
    </ClCompile>
    <ClCompile Include="CConfigFileWriter.cpp">
      <Filter>Source Files</Filter>
    </ClCompile>
    <ClCompile Include="CCore.cpp">
      <Filter>Source Files</Filter>
    </ClCompile>
    <ClCompile Include="CDialog.cpp">
      <Filter>Source Files</Filter>
    </ClCompile>
    <ClCompile Include="character.cpp">
      <Filter>Source Files</Filter>
    </ClCompile>
    <ClCompile Include="chat.cpp">
      <Filter>Source Files</Filter>
    </ClCompile>
    <ClCompile Include="christmas.cpp">
      <Filter>Source Files</Filter>
    </ClCompile>
    <ClCompile Include="clan.cpp">
      <Filter>Source Files</Filter>
    </ClCompile>
    <ClCompile Include="CList.cpp">
      <Filter>Source Files</Filter>
    </ClCompile>
    <ClCompile Include="CLua.cpp">
      <Filter>Source Files</Filter>
    </ClCompile>
    <ClCompile Include="CMutex.cpp">
      <Filter>Source Files</Filter>
    </ClCompile>
    <ClCompile Include="Coin.cpp">
      <Filter>Source Files</Filter>
    </ClCompile>
    <ClCompile Include="CoinShop.cpp">
      <Filter>Source Files</Filter>
    </ClCompile>
    <ClCompile Include="CoinShopItem.cpp">
      <Filter>Source Files</Filter>
    </ClCompile>
    <ClCompile Include="CoinShopTab.cpp">
      <Filter>Source Files</Filter>
    </ClCompile>
    <ClCompile Include="common.cpp">
      <Filter>Source Files</Filter>
    </ClCompile>
    <ClCompile Include="CProcess.cpp">
      <Filter>Source Files</Filter>
    </ClCompile>
    <ClCompile Include="CReader.cpp">
      <Filter>Source Files</Filter>
    </ClCompile>
    <ClCompile Include="CReaderFile.cpp">
      <Filter>Source Files</Filter>
    </ClCompile>
    <ClCompile Include="CSystem.cpp">
      <Filter>Source Files</Filter>
    </ClCompile>
    <ClCompile Include="CTimer.cpp">
      <Filter>Source Files</Filter>
    </ClCompile>
    <ClCompile Include="CWindow.cpp">
      <Filter>Source Files</Filter>
    </ClCompile>
    <ClCompile Include="CWorld.cpp">
      <Filter>Source Files</Filter>
    </ClCompile>
    <ClCompile Include="debug.cpp">
      <Filter>Source Files</Filter>
    </ClCompile>
    <ClCompile Include="def.cpp">
      <Filter>Source Files</Filter>
    </ClCompile>
    <ClCompile Include="Event.cpp">
      <Filter>Source Files</Filter>
    </ClCompile>
    <ClCompile Include="EventHandler.cpp">
      <Filter>Source Files</Filter>
    </ClCompile>
    <ClCompile Include="EXEMatrix.cpp">
      <Filter>Source Files</Filter>
    </ClCompile>
    <ClCompile Include="horde.cpp">
      <Filter>Source Files</Filter>
    </ClCompile>
    <ClCompile Include="item.cpp">
      <Filter>Source Files</Filter>
    </ClCompile>
    <ClCompile Include="itemsetattribute.cpp">
      <Filter>Source Files</Filter>
    </ClCompile>
    <ClCompile Include="map.cpp">
      <Filter>Source Files</Filter>
    </ClCompile>
    <ClCompile Include="Node.cpp">
      <Filter>Source Files</Filter>
    </ClCompile>
    <ClCompile Include="party.cpp">
      <Filter>Source Files</Filter>
    </ClCompile>
    <ClCompile Include="point.cpp">
      <Filter>Source Files</Filter>
    </ClCompile>
    <ClCompile Include="quest.cpp">
      <Filter>Source Files</Filter>
    </ClCompile>
    <ClCompile Include="room.cpp">
      <Filter>Source Files</Filter>
    </ClCompile>
    <ClCompile Include="skill.cpp">
      <Filter>Source Files</Filter>
    </ClCompile>
    <ClCompile Include="sky.cpp">
      <Filter>Source Files</Filter>
    </ClCompile>
    <ClCompile Include="socket.cpp">
      <Filter>Source Files</Filter>
    </ClCompile>
    <ClCompile Include="sound.cpp">
      <Filter>Source Files</Filter>
    </ClCompile>
    <ClCompile Include="strings.cpp">
      <Filter>Source Files</Filter>
    </ClCompile>
    <ClCompile Include="Timer.cpp">
      <Filter>Source Files</Filter>
    </ClCompile>
    <ClCompile Include="unit.cpp">
      <Filter>Source Files</Filter>
    </ClCompile>
    <ClCompile Include="user.cpp">
      <Filter>Source Files</Filter>
    </ClCompile>
    <ClCompile Include="warehouse.cpp">
      <Filter>Source Files</Filter>
    </ClCompile>
    <ClCompile Include="X3DAABB.cpp">
      <Filter>Source Files</Filter>
    </ClCompile>
    <ClCompile Include="X3DEasings.cpp">
      <Filter>Source Files</Filter>
    </ClCompile>
    <ClCompile Include="X3DMatrix4.cpp">
      <Filter>Source Files</Filter>
    </ClCompile>
    <ClCompile Include="X3DQuaternion.cpp">
      <Filter>Source Files</Filter>
    </ClCompile>
    <ClCompile Include="X3DVector3.cpp">
      <Filter>Source Files</Filter>
    </ClCompile>
  </ItemGroup>
  <ItemGroup>
    <ClInclude Include="account.h">
      <Filter>Header Files</Filter>
    </ClInclude>
    <ClInclude Include="achievement.h">
      <Filter>Header Files</Filter>
    </ClInclude>
    <ClInclude Include="actionfield.h">
      <Filter>Header Files</Filter>
    </ClInclude>
    <ClInclude Include="battlearena.h">
      <Filter>Header Files</Filter>
    </ClInclude>
    <ClInclude Include="CApplication.h">
      <Filter>Header Files</Filter>
    </ClInclude>
    <ClInclude Include="caravan.h">
      <Filter>Header Files</Filter>
    </ClInclude>
    <ClInclude Include="CCommon.h">
      <Filter>Header Files</Filter>
    </ClInclude>
    <ClInclude Include="CConfig.h">
      <Filter>Header Files</Filter>
    </ClInclude>
    <ClInclude Include="CConfigFile.h">
      <Filter>Header Files</Filter>
    </ClInclude>
    <ClInclude Include="CConfigFileReader.h">
      <Filter>Header Files</Filter>
    </ClInclude>
    <ClInclude Include="CConfigFileWriter.h">
      <Filter>Header Files</Filter>
    </ClInclude>
    <ClInclude Include="CCore.h">
      <Filter>Header Files</Filter>
    </ClInclude>
    <ClInclude Include="CDialog.h">
      <Filter>Header Files</Filter>
    </ClInclude>
    <ClInclude Include="character.h">
      <Filter>Header Files</Filter>
    </ClInclude>
    <ClInclude Include="chat.h">
      <Filter>Header Files</Filter>
    </ClInclude>
    <ClInclude Include="christmas.h">
      <Filter>Header Files</Filter>
    </ClInclude>
    <ClInclude Include="clan.h">
      <Filter>Header Files</Filter>
    </ClInclude>
    <ClInclude Include="CList.h">
      <Filter>Header Files</Filter>
    </ClInclude>
    <ClInclude Include="CLua.h">
      <Filter>Header Files</Filter>
    </ClInclude>
    <ClInclude Include="CMutex.h">
      <Filter>Header Files</Filter>
    </ClInclude>
    <ClInclude Include="Coin.h">
      <Filter>Header Files</Filter>
    </ClInclude>
    <ClInclude Include="CoinShop.h">
      <Filter>Header Files</Filter>
    </ClInclude>
    <ClInclude Include="CoinShopItem.h">
      <Filter>Header Files</Filter>
    </ClInclude>
    <ClInclude Include="CoinShopTab.h">
      <Filter>Header Files</Filter>
    </ClInclude>
    <ClInclude Include="common.h">
      <Filter>Header Files</Filter>
    </ClInclude>
    <ClInclude Include="CPoint.h">
      <Filter>Header Files</Filter>
    </ClInclude>
    <ClInclude Include="CProcess.h">
      <Filter>Header Files</Filter>
    </ClInclude>
    <ClInclude Include="CReader.h">
      <Filter>Header Files</Filter>
    </ClInclude>
    <ClInclude Include="CReaderFile.h">
      <Filter>Header Files</Filter>
    </ClInclude>
    <ClInclude Include="CSystem.h">
      <Filter>Header Files</Filter>
    </ClInclude>
    <ClInclude Include="CTimer.h">
      <Filter>Header Files</Filter>
    </ClInclude>
    <ClInclude Include="CWindow.h">
      <Filter>Header Files</Filter>
    </ClInclude>
    <ClInclude Include="CWorld.h">
      <Filter>Header Files</Filter>
    </ClInclude>
    <ClInclude Include="debug.h">
      <Filter>Header Files</Filter>
    </ClInclude>
    <ClInclude Include="def.h">
      <Filter>Header Files</Filter>
    </ClInclude>
    <ClInclude Include="ESystem.h">
      <Filter>Header Files</Filter>
    </ClInclude>
    <ClInclude Include="Event.h">
      <Filter>Header Files</Filter>
    </ClInclude>
    <ClInclude Include="EventHandler.h">
      <Filter>Header Files</Filter>
    </ClInclude>
    <ClInclude Include="EXEMatrix.h">
      <Filter>Header Files</Filter>
    </ClInclude>
    <ClInclude Include="horde.h">
      <Filter>Header Files</Filter>
    </ClInclude>
    <ClInclude Include="item.h">
      <Filter>Header Files</Filter>
    </ClInclude>
    <ClInclude Include="itemsetattribute.h">
      <Filter>Header Files</Filter>
    </ClInclude>
    <ClInclude Include="map.h">
      <Filter>Header Files</Filter>
    </ClInclude>
    <ClInclude Include="Node.h">
      <Filter>Header Files</Filter>
    </ClInclude>
    <ClInclude Include="packets.h">
      <Filter>Header Files</Filter>
    </ClInclude>
    <ClInclude Include="party.h">
      <Filter>Header Files</Filter>
    </ClInclude>
    <ClInclude Include="point.h">
      <Filter>Header Files</Filter>
    </ClInclude>
    <ClInclude Include="premiumstruct.h">
      <Filter>Header Files</Filter>
    </ClInclude>
    <ClInclude Include="PSkill.h">
      <Filter>Header Files</Filter>
    </ClInclude>
    <ClInclude Include="PSystem.h">
      <Filter>Header Files</Filter>
    </ClInclude>
    <ClInclude Include="quest.h">
      <Filter>Header Files</Filter>
    </ClInclude>
    <ClInclude Include="roll.h">
      <Filter>Header Files</Filter>
    </ClInclude>
    <ClInclude Include="room.h">
      <Filter>Header Files</Filter>
    </ClInclude>
    <ClInclude Include="skill.h">
      <Filter>Header Files</Filter>
    </ClInclude>
    <ClInclude Include="sky.h">
      <Filter>Header Files</Filter>
    </ClInclude>
    <ClInclude Include="socket.h">
      <Filter>Header Files</Filter>
    </ClInclude>
    <ClInclude Include="sound.h">
      <Filter>Header Files</Filter>
    </ClInclude>
    <ClInclude Include="strings.h">
      <Filter>Header Files</Filter>
    </ClInclude>
    <ClInclude Include="Timer.h">
      <Filter>Header Files</Filter>
    </ClInclude>
    <ClInclude Include="unit.h">
      <Filter>Header Files</Filter>
    </ClInclude>
    <ClInclude Include="user.h">
      <Filter>Header Files</Filter>
    </ClInclude>
    <ClInclude Include="warehouse.h">
      <Filter>Header Files</Filter>
    </ClInclude>
    <ClInclude Include="X3D.h">
      <Filter>Header Files</Filter>
    </ClInclude>
    <ClInclude Include="X3DAABB.h">
      <Filter>Header Files</Filter>
    </ClInclude>
    <ClInclude Include="X3DEasings.h">
      <Filter>Header Files</Filter>
    </ClInclude>
    <ClInclude Include="X3DFrustum.h">
      <Filter>Header Files</Filter>
    </ClInclude>
    <ClInclude Include="X3DMatrix4.h">
      <Filter>Header Files</Filter>
    </ClInclude>
    <ClInclude Include="X3DQuad.h">
      <Filter>Header Files</Filter>
    </ClInclude>
    <ClInclude Include="X3DQuaternion.h">
      <Filter>Header Files</Filter>
    </ClInclude>
    <ClInclude Include="X3DSphere.h">
      <Filter>Header Files</Filter>
    </ClInclude>
    <ClInclude Include="X3DVector2.h">
      <Filter>Header Files</Filter>
    </ClInclude>
    <ClInclude Include="X3DVector3.h">
      <Filter>Header Files</Filter>
    </ClInclude>
    <ClInclude Include="X3DVector4.h">
      <Filter>Header Files</Filter>
    </ClInclude>
  </ItemGroup>
</Project>